
Microsoft Visual Studio Solution File, Format Version 12.00
# Visual Studio Version 17
VisualStudioVersion = 17.3.32929.385
MinimumVisualStudioVersion = 10.0.40219.1
Project("{FAE04EC0-301F-11D3-BF4B-00C04F79EFBC}") = "YurtOtomasyanSistemi", "YurtOtomasyanSistemi\YurtOtomasyanSistemi.csproj", "{788BA045-186A-42A2-8ABC-9F3978333AAB}"
EndProject
Global
	GlobalSection(SolutionConfigurationPlatforms) = preSolution
		Debug|Any CPU = Debug|Any CPU
		Release|Any CPU = Release|Any CPU
	EndGlobalSection
	GlobalSection(ProjectConfigurationPlatforms) = postSolution
		{788BA045-186A-42A2-8ABC-9F3978333AAB}.Debug|Any CPU.ActiveCfg = Debug|Any CPU
		{788BA045-186A-42A2-8ABC-9F3978333AAB}.Debug|Any CPU.Build.0 = Debug|Any CPU
		{788BA045-186A-42A2-8ABC-9F3978333AAB}.Release|Any CPU.ActiveCfg = Release|Any CPU
		{788BA045-186A-42A2-8ABC-9F3978333AAB}.Release|Any CPU.Build.0 = Release|Any CPU
	EndGlobalSection
	GlobalSection(SolutionProperties) = preSolution
		HideSolutionNode = FALSE
	EndGlobalSection
	GlobalSection(ExtensibilityGlobals) = postSolution
		SolutionGuid = {C6DC1B77-5093-44D8-851B-DF3F2B515D20}
	EndGlobalSection
EndGlobal
